{
  "lockfileVersion": 1,
  "configVersion": 0,
  "workspaces": {
    "": {
      "name": "@ethsign/sign-protocol-evm",
      "dependencies": {
        "@openzeppelin/contracts": "5.0.1",
        "@openzeppelin/contracts-upgradeable": "5.0.1",
      },
    },
  },
  "packages": {
    "@openzeppelin/contracts": ["@openzeppelin/contracts@5.0.1", "", {}, "sha512-yQJaT5HDp9hYOOp4jTYxMsR02gdFZFXhewX5HW9Jo4fsqSVqqyIO/xTHdWDaKX5a3pv1txmf076Lziz+sO7L1w=="],

    "@openzeppelin/contracts-upgradeable": ["@openzeppelin/contracts-upgradeable@5.0.1", "", { "peerDependencies": { "@openzeppelin/contracts": "5.0.1" } }, "sha512-MvaLoPnVcoZr/qqZP+4cl9piuR4gg0iIGgxVSZ/AL1iId3M6IdEHzz9Naw5Lirl4KKBI6ciTVnX07yL4dOMIJg=="],
  }
}
